# This file is autogenerated, do not edit; changes may be undone by the next 'dep ensure'.


[[projects]]
  branch = "master"
  name = "github.com/Azure/go-ansiterm"
  packages = [".","winterm"]
  revision = "d6e3b3328b783f23731bc4d058875b0371ff8109"

[[projects]]
  name = "github.com/Microsoft/go-winio"
  packages = ["."]
  revision = "24a3e3d3fc7451805e09d11e11e95d9a0a4f205e"
  version = "v0.3.7"

[[projects]]
  branch = "master"
  name = "github.com/Nvveen/Gotty"
  packages = ["."]
  revision = "cd527374f1e5bff4938207604a14f2e38a9cf512"

[[projects]]
  name = "github.com/aws/aws-sdk-go"
  packages = ["aws","aws/awserr","aws/awsutil","aws/client","aws/client/metadata","aws/corehandlers","aws/credentials","aws/credentials/ec2rolecreds","aws/credentials/endpointcreds","aws/credentials/stscreds","aws/defaults","aws/ec2metadata","aws/endpoints","aws/request","aws/session","aws/signer/v4","internal/shareddefaults","private/protocol","private/protocol/ec2query","private/protocol/json/jsonutil","private/protocol/jsonrpc","private/protocol/query","private/protocol/query/queryutil","private/protocol/rest","private/protocol/xml/xmlutil","service/cloudformation","service/cloudformation/cloudformationiface","service/cloudwatchlogs","service/cloudwatchlogs/cloudwatchlogsiface","service/ec2","service/ec2/ec2iface","service/ecr","service/ecr/ecriface","service/ecs","service/ecs/ecsiface","service/sts","service/sts/stsiface"]
  revision = "ccb909e564ddced884491d966808d9b245a86e6a"

[[projects]]
  name = "github.com/awslabs/amazon-ecr-credential-helper"
  packages = ["ecr-login/api","ecr-login/cache","ecr-login/config"]
  revision = "19c5038b3c1fc63328b4eb99c507c72f12a27f66"

[[projects]]
  name = "github.com/cihub/seelog"
  packages = ["."]
  revision = "a98235bd6d927ba8379ef4f0050c32c9a2ea17b8"

[[projects]]
  name = "github.com/containerd/continuity"
  packages = ["pathdriver"]
  revision = "b2b946a77f5973f420514090d6f6dd58b08303f0"

[[projects]]
  name = "github.com/davecgh/go-spew"
  packages = ["spew"]
  revision = "346938d642f2ec3594ed81d874461961cd0faa76"
  version = "v1.1.0"

[[projects]]
  name = "github.com/docker/cli"
  packages = ["opts"]
  revision = "41368a84bb8b1502450b316b34c732d7bb1a103d"

[[projects]]
  name = "github.com/docker/docker"
  packages = ["api/types","api/types/blkiodev","api/types/container","api/types/filters","api/types/mount","api/types/network","api/types/registry","api/types/strslice","api/types/swarm","api/types/swarm/runtime","api/types/versions","opts","pkg/archive","pkg/fileutils","pkg/homedir","pkg/idtools","pkg/ioutils","pkg/jsonmessage","pkg/longpath","pkg/mount","pkg/pools","pkg/stdcopy","pkg/system","pkg/term","pkg/term/windows","pkg/urlutil"]
  revision = "92309e34e42aec3a0e041403bdd3c4fc0dc20269"

[[projects]]
  name = "github.com/docker/go-connections"
  packages = ["nat"]
  revision = "4ccf312bf1d35e5dbda654e57a9be4c3f3cd0366"

[[projects]]
  name = "github.com/docker/go-units"
  packages = ["."]
  revision = "e30f1e79f3cd72542f2026ceec18d3bd67ab859c"

[[projects]]
  name = "github.com/docker/libcompose"
  packages = ["cli/app","cli/command","config","logger","lookup","project","project/events","project/options","utils","version","yaml"]
  revision = "57bd716502dcbe1799f026148016022b0f3b989c"

[[projects]]
  name = "github.com/flynn/go-shlex"
  packages = ["."]
  revision = "3f9db97f856818214da2e1057f8ad84803971cff"

[[projects]]
  name = "github.com/fsouza/go-dockerclient"
  packages = ["."]
  revision = "4a934a8fd3ec3d4f84d9dcd8b47e7b277918c366"

[[projects]]
  name = "github.com/go-ini/ini"
  packages = ["."]
  revision = "32e4c1e6bc4e7d0d8451aa6b75200d19e37a536a"
  version = "v1.32.0"

[[projects]]
  name = "github.com/gogo/protobuf"
  packages = ["proto"]
  revision = "160de10b2537169b5ae3e7e221d28269ef40d311"

[[projects]]
  name = "github.com/golang/mock"
  packages = ["gomock"]
  revision = "bd3c8e81be01eef76d4b503f5e687d2d1354d2d9"

[[projects]]
  name = "github.com/hashicorp/go-cleanhttp"
  packages = ["."]
  revision = "ad28ea4487f05916463e2423a55166280e8254b5"

[[projects]]
  name = "github.com/jmespath/go-jmespath"
  packages = ["."]
  revision = "0b12d6b5"

[[projects]]
  name = "github.com/mitchellh/go-homedir"
  packages = ["."]
  revision = "981ab348d865cf048eb7d17e78ac7192632d8415"

[[projects]]
  name = "github.com/opencontainers/go-digest"
  packages = ["."]
  revision = "279bed98673dd5bef374d3b6e4b09e2af76183bf"
  version = "v1.0.0-rc1"

[[projects]]
  name = "github.com/opencontainers/image-spec"
  packages = ["specs-go","specs-go/v1"]
  revision = "577479e4dc273d3779f00c223c7e0dba4cd6b8b0"

[[projects]]
  name = "github.com/opencontainers/runc"
  packages = ["libcontainer/system","libcontainer/user"]
  revision = "f376b8033d2caae5207de9be1ee4d4a695886af1"

[[projects]]
  name = "github.com/pkg/errors"
  packages = ["."]
  revision = "248dadf4e9068a0b3e79f02ed0a610d935de5302"

[[projects]]
  name = "github.com/pmezard/go-difflib"
  packages = ["difflib"]
  revision = "792786c7400a136282c1664665ae0a8db921c6c2"
  version = "v1.0.0"

[[projects]]
  name = "github.com/sirupsen/logrus"
  packages = ["."]
  revision = "d682213848ed68c0a260ca37d6dd5ace8423f5ba"
  version = "v1.0.4"

[[projects]]
  name = "github.com/stretchr/testify"
  packages = ["assert"]
  revision = "2402e8e7a02fc811447d11f881aa9746cdc57983"

[[projects]]
  name = "github.com/urfave/cli"
  packages = ["."]
  revision = "2526b57c56f30b50466c96c4133b1a4ad0f0191f"

[[projects]]
  name = "github.com/xeipuuv/gojsonpointer"
  packages = ["."]
  revision = "e0fe6f68307607d540ed8eac07a342c33fa1b54a"

[[projects]]
  name = "github.com/xeipuuv/gojsonreference"
  packages = ["."]
  revision = "e02fc20de94c78484cd5ffb007f8af96be030a45"

[[projects]]
  name = "github.com/xeipuuv/gojsonschema"
  packages = ["."]
  revision = "e18f0065e8c148fcf567ac43a3f8f5b66ac0720b"

[[projects]]
  name = "golang.org/x/crypto"
  packages = ["ssh/terminal"]
  revision = "5f55bce93ad2c89f411e009659bb1fd83da36e7b"

[[projects]]
  name = "golang.org/x/net"
  packages = ["context","context/ctxhttp"]
  revision = "a6577fac2d73be281a500b310739095313165611"

[[projects]]
  name = "golang.org/x/sys"
  packages = ["unix","windows"]
  revision = "810d7000345868fc619eb81f46307107118f4ae1"

[[projects]]
  name = "gopkg.in/yaml.v2"
  packages = ["."]
  revision = "a5b47d31c556af34a302ce5d659e6fea44d90de0"

[solve-meta]
  analyzer-name = "dep"
  analyzer-version = 1
  inputs-digest = "2d99798c7ff13359605093e507c2580a909f3cb66a939c25af816149771f5185"
  solver-name = "gps-cdcl"
  solver-version = 1
